// !$*UTF8*$!
{
	archiveVersion = 1;
	classes = {
	};
	objectVersion = 77;
	objects = {

/* Begin PBXContainerItemProxy section */
		D6AA2EBD2E206D2300E647B3 /* PBXContainerItemProxy */ = {
			isa = PBXContainerItemProxy;
			containerPortal = D6B837FD2E1C757100A34476 /* Project object */;
			proxyType = 1;
			remoteGlobalIDString = D6B838042E1C757100A34476;
			remoteInfo = "Daily Affirmation";
		};
		D6E4AA052E1FEA51002A8098 /* PBXContainerItemProxy */ = {
			isa = PBXContainerItemProxy;
			containerPortal = D6B837FD2E1C757100A34476 /* Project object */;
			proxyType = 1;
			remoteGlobalIDString = D6B838042E1C757100A34476;
			remoteInfo = "Daily Affirmation";
		};
/* End PBXContainerItemProxy section */

/* Begin PBXFileReference section */
		D6AA2EB92E206D2300E647B3 /* Daily AffirmationTests.xctest */ = {isa = PBXFileReference; explicitFileType = wrapper.cfbundle; includeInIndex = 0; path = "Daily AffirmationTests.xctest"; sourceTree = BUILT_PRODUCTS_DIR; };
		D6B838052E1C757100A34476 /* Daily Affirmation.app */ = {isa = PBXFileReference; explicitFileType = wrapper.application; includeInIndex = 0; path = "Daily Affirmation.app"; sourceTree = BUILT_PRODUCTS_DIR; };
		D6E4A9FF2E1FEA51002A8098 /* Daily AffirmationUITests.xctest */ = {isa = PBXFileReference; explicitFileType = wrapper.cfbundle; includeInIndex = 0; path = "Daily AffirmationUITests.xctest"; sourceTree = BUILT_PRODUCTS_DIR; };
/* End PBXFileReference section */

/* Begin PBXFileSystemSynchronizedRootGroup section */
		D6AA2EBA2E206D2300E647B3 /* Daily AffirmationTests */ = {
			isa = PBXFileSystemSynchronizedRootGroup;
			path = "Daily AffirmationTests";
			sourceTree = "<group>";
		};
		D6B838072E1C757100A34476 /* Daily Affirmation */ = {
			isa = PBXFileSystemSynchronizedRootGroup;
			path = "Daily Affirmation";
			sourceTree = "<group>";
		};
		D6B838392E1C763900A34476 /* Icons */ = {
			isa = PBXFileSystemSynchronizedRootGroup;
			path = Icons;
			sourceTree = "<group>";
		};
		D6E4AA002E1FEA51002A8098 /* Daily AffirmationUITests */ = {
			isa = PBXFileSystemSynchronizedRootGroup;
			path = "Daily AffirmationUITests";
			sourceTree = "<group>";
		};
/* End PBXFileSystemSynchronizedRootGroup section */

/* Begin PBXFrameworksBuildPhase section */
		D6AA2EB62E206D2300E647B3 /* Frameworks */ = {
			isa = PBXFrameworksBuildPhase;
			buildActionMask = 2147483647;
			files = (
			);
			runOnlyForDeploymentPostprocessing = 0;
		};
		D6B838022E1C757100A34476 /* Frameworks */ = {
			isa = PBXFrameworksBuildPhase;
			buildActionMask = 2147483647;
			files = (
			);
			runOnlyForDeploymentPostprocessing = 0;
		};
		D6E4A9FC2E1FEA51002A8098 /* Frameworks */ = {
			isa = PBXFrameworksBuildPhase;
			buildActionMask = 2147483647;
			files = (
			);
			runOnlyForDeploymentPostprocessing = 0;
		};
/* End PBXFrameworksBuildPhase section */

/* Begin PBXGroup section */
		D6B837FC2E1C757100A34476 = {
			isa = PBXGroup;
			children = (
				D6B838392E1C763900A34476 /* Icons */,
				D6B838072E1C757100A34476 /* Daily Affirmation */,
				D6E4AA002E1FEA51002A8098 /* Daily AffirmationUITests */,
				D6AA2EBA2E206D2300E647B3 /* Daily AffirmationTests */,
				D6B838062E1C757100A34476 /* Products */,
			);
			sourceTree = "<group>";
		};
		D6B838062E1C757100A34476 /* Products */ = {
			isa = PBXGroup;
			children = (
				D6B838052E1C757100A34476 /* Daily Affirmation.app */,
				D6E4A9FF2E1FEA51002A8098 /* Daily AffirmationUITests.xctest */,
				D6AA2EB92E206D2300E647B3 /* Daily AffirmationTests.xctest */,
			);
			name = Products;
			sourceTree = "<group>";
		};
/* End PBXGroup section */

/* Begin PBXNativeTarget section */
		D6AA2EB82E206D2300E647B3 /* Daily AffirmationTests */ = {
			isa = PBXNativeTarget;
			buildConfigurationList = D6AA2EBF2E206D2300E647B3 /* Build configuration list for PBXNativeTarget "Daily AffirmationTests" */;
			buildPhases = (
				D6AA2EB52E206D2300E647B3 /* Sources */,
				D6AA2EB62E206D2300E647B3 /* Frameworks */,
				D6AA2EB72E206D2300E647B3 /* Resources */,
			);
			buildRules = (
			);
			dependencies = (
				D6AA2EBE2E206D2300E647B3 /* PBXTargetDependency */,
			);
			fileSystemSynchronizedGroups = (
				D6AA2EBA2E206D2300E647B3 /* Daily AffirmationTests */,
			);
			name = "Daily AffirmationTests";
			packageProductDependencies = (
			);
			productName = "Daily AffirmationTests";
			productReference = D6AA2EB92E206D2300E647B3 /* Daily AffirmationTests.xctest */;
			productType = "com.apple.product-type.bundle.unit-test";
		};
		D6B838042E1C757100A34476 /* Daily Affirmation */ = {
			isa = PBXNativeTarget;
			buildConfigurationList = D6B838262E1C757100A34476 /* Build configuration list for PBXNativeTarget "Daily Affirmation" */;
			buildPhases = (
				D6B838012E1C757100A34476 /* Sources */,
				D6B838022E1C757100A34476 /* Frameworks */,
				D6B838032E1C757100A34476 /* Resources */,
			);
			buildRules = (
			);
			dependencies = (
			);
			fileSystemSynchronizedGroups = (
				D6B838072E1C757100A34476 /* Daily Affirmation */,
				D6B838392E1C763900A34476 /* Icons */,
			);
			name = "Daily Affirmation";
			packageProductDependencies = (
			);
			productName = "Daily Affirmation";
			productReference = D6B838052E1C757100A34476 /* Daily Affirmation.app */;
			productType = "com.apple.product-type.application";
		};
		D6E4A9FE2E1FEA51002A8098 /* Daily AffirmationUITests */ = {
			isa = PBXNativeTarget;
			buildConfigurationList = D6E4AA072E1FEA51002A8098 /* Build configuration list for PBXNativeTarget "Daily AffirmationUITests" */;
			buildPhases = (
				D6E4A9FB2E1FEA51002A8098 /* Sources */,
				D6E4A9FC2E1FEA51002A8098 /* Frameworks */,
				D6E4A9FD2E1FEA51002A8098 /* Resources */,
			);
			buildRules = (
			);
			dependencies = (
				D6E4AA062E1FEA51002A8098 /* PBXTargetDependency */,
			);
			fileSystemSynchronizedGroups = (
				D6E4AA002E1FEA51002A8098 /* Daily AffirmationUITests */,
			);
			name = "Daily AffirmationUITests";
			packageProductDependencies = (
			);
			productName = "Daily AffirmationUITests";
			productReference = D6E4A9FF2E1FEA51002A8098 /* Daily AffirmationUITests.xctest */;
			productType = "com.apple.product-type.bundle.ui-testing";
		};
/* End PBXNativeTarget section */

/* Begin PBXProject section */
		D6B837FD2E1C757100A34476 /* Project object */ = {
			isa = PBXProject;
			attributes = {
				BuildIndependentTargetsInParallel = 1;
				LastSwiftUpdateCheck = 1640;
				LastUpgradeCheck = 1640;
				TargetAttributes = {
					D6AA2EB82E206D2300E647B3 = {
						CreatedOnToolsVersion = 16.4;
						TestTargetID = D6B838042E1C757100A34476;
					};
					D6B838042E1C757100A34476 = {
						CreatedOnToolsVersion = 16.4;
					};
					D6E4A9FE2E1FEA51002A8098 = {
						CreatedOnToolsVersion = 16.4;
						TestTargetID = D6B838042E1C757100A34476;
					};
				};
			};
			buildConfigurationList = D6B838002E1C757100A34476 /* Build configuration list for PBXProject "Daily Affirmation" */;
			developmentRegion = en;
			hasScannedForEncodings = 0;
			knownRegions = (
				en,
			);
			mainGroup = D6B837FC2E1C757100A34476;
			minimizedProjectReferenceProxies = 1;
			preferredProjectObjectVersion = 77;
			productRefGroup = D6B838062E1C757100A34476 /* Products */;
			projectDirPath = "";
			projectRoot = "";
			targets = (
				D6B838042E1C757100A34476 /* Daily Affirmation */,
				D6E4A9FE2E1FEA51002A8098 /* Daily AffirmationUITests */,
				D6AA2EB82E206D2300E647B3 /* Daily AffirmationTests */,
			);
		};
/* End PBXProject section */

/* Begin PBXResourcesBuildPhase section */
		D6AA2EB72E206D2300E647B3 /* Resources */ = {
			isa = PBXResourcesBuildPhase;
			buildActionMask = 2147483647;
			files = (
			);
			runOnlyForDeploymentPostprocessing = 0;
		};
		D6B838032E1C757100A34476 /* Resources */ = {
			isa = PBXResourcesBuildPhase;
			buildActionMask = 2147483647;
			files = (
			);
			runOnlyForDeploymentPostprocessing = 0;
		};
		D6E4A9FD2E1FEA51002A8098 /* Resources */ = {
			isa = PBXResourcesBuildPhase;
			buildActionMask = 2147483647;
			files = (
			);
			runOnlyForDeploymentPostprocessing = 0;
		};
/* End PBXResourcesBuildPhase section */

/* Begin PBXSourcesBuildPhase section */
		D6AA2EB52E206D2300E647B3 /* Sources */ = {
			isa = PBXSourcesBuildPhase;
			buildActionMask = 2147483647;
			files = (
			);
			runOnlyForDeploymentPostprocessing = 0;
		};
		D6B838012E1C757100A34476 /* Sources */ = {
			isa = PBXSourcesBuildPhase;
			buildActionMask = 2147483647;
			files = (
			);
			runOnlyForDeploymentPostprocessing = 0;
		};
		D6E4A9FB2E1FEA51002A8098 /* Sources */ = {
			isa = PBXSourcesBuildPhase;
			buildActionMask = 2147483647;
			files = (
			);
			runOnlyForDeploymentPostprocessing = 0;
		};
/* End PBXSourcesBuildPhase section */

/* Begin PBXTargetDependency section */
		D6AA2EBE2E206D2300E647B3 /* PBXTargetDependency */ = {
			isa = PBXTargetDependency;
			target = D6B838042E1C757100A34476 /* Daily Affirmation */;
			targetProxy = D6AA2EBD2E206D2300E647B3 /* PBXContainerItemProxy */;
		};
		D6E4AA062E1FEA51002A8098 /* PBXTargetDependency */ = {
			isa = PBXTargetDependency;
			target = D6B838042E1C757100A34476 /* Daily Affirmation */;
			targetProxy = D6E4AA052E1FEA51002A8098 /* PBXContainerItemProxy */;
		};
/* End PBXTargetDependency section */

/* Begin XCBuildConfiguration section */
		D6AA2EC02E206D2300E647B3 /* Debug */ = {
			isa = XCBuildConfiguration;
			buildSettings = {
				BUNDLE_LOADER = "$(TEST_HOST)";
				CODE_SIGN_STYLE = Automatic;
				CURRENT_PROJECT_VERSION = 1;
				DEVELOPMENT_TEAM = 29K7998WRR;
				GENERATE_INFOPLIST_FILE = YES;
				MARKETING_VERSION = 1.0;
				PRODUCT_BUNDLE_IDENTIFIER = "com.ashrafatshy.Daily-AffirmationTests";
				PRODUCT_NAME = "$(TARGET_NAME)";
				SUPPORTED_PLATFORMS = "iphoneos iphonesimulator";
				SUPPORTS_MACCATALYST = NO;
				SWIFT_EMIT_LOC_STRINGS = NO;
				SWIFT_VERSION = 5.0;
				TARGETED_DEVICE_FAMILY = "1,2";
				TEST_HOST = "$(BUILT_PRODUCTS_DIR)/Daily Affirmation.app/$(BUNDLE_EXECUTABLE_FOLDER_PATH)/Daily Affirmation";
			};
			name = Debug;
		};
		D6AA2EC12E206D2300E647B3 /* Release */ = {
			isa = XCBuildConfiguration;
			buildSettings = {
				BUNDLE_LOADER = "$(TEST_HOST)";
				CODE_SIGN_STYLE = Automatic;
				CURRENT_PROJECT_VERSION = 1;
				DEVELOPMENT_TEAM = 29K7998WRR;
				GENERATE_INFOPLIST_FILE = YES;
				MARKETING_VERSION = 1.0;
				PRODUCT_BUNDLE_IDENTIFIER = "com.ashrafatshy.Daily-AffirmationTests";
				PRODUCT_NAME = "$(TARGET_NAME)";
				SUPPORTED_PLATFORMS = "iphoneos iphonesimulator";
				SUPPORTS_MACCATALYST = NO;
				SWIFT_EMIT_LOC_STRINGS = NO;
				SWIFT_VERSION = 5.0;
				TARGETED_DEVICE_FAMILY = "1,2";
				TEST_HOST = "$(BUILT_PRODUCTS_DIR)/Daily Affirmation.app/$(BUNDLE_EXECUTABLE_FOLDER_PATH)/Daily Affirmation";
			};
			name = Release;
		};
		D6B838242E1C757100A34476 /* Debug */ = {
			isa = XCBuildConfiguration;
			buildSettings = {
				ALWAYS_SEARCH_USER_PATHS = NO;
				ASSETCATALOG_COMPILER_GENERATE_SWIFT_ASSET_SYMBOL_EXTENSIONS = YES;
				CLANG_ANALYZER_NONNULL = YES;
				CLANG_ANALYZER_NUMBER_OBJECT_CONVERSION = YES_AGGRESSIVE;
				CLANG_CXX_LANGUAGE_STANDARD = "gnu++20";
				CLANG_ENABLE_MODULES = YES;
				CLANG_ENABLE_OBJC_ARC = YES;
				CLANG_ENABLE_OBJC_WEAK = YES;
				CLANG_WARN_BLOCK_CAPTURE_AUTORELEASING = YES;
				CLANG_WARN_BOOL_CONVERSION = YES;
				CLANG_WARN_COMMA = YES;
				CLANG_WARN_CONSTANT_CONVERSION = YES;
				CLANG_WARN_DEPRECATED_OBJC_IMPLEMENTATIONS = YES;
				CLANG_WARN_DIRECT_OBJC_ISA_USAGE = YES_ERROR;
				CLANG_WARN_DOCUMENTATION_COMMENTS = YES;
				CLANG_WARN_EMPTY_BODY = YES;
				CLANG_WARN_ENUM_CONVERSION = YES;
				CLANG_WARN_INFINITE_RECURSION = YES;
				CLANG_WARN_INT_CONVERSION = YES;
				CLANG_WARN_NON_LITERAL_NULL_CONVERSION = YES;
				CLANG_WARN_OBJC_IMPLICIT_RETAIN_SELF = YES;
				CLANG_WARN_OBJC_LITERAL_CONVERSION = YES;
				CLANG_WARN_OBJC_ROOT_CLASS = YES_ERROR;
				CLANG_WARN_QUOTED_INCLUDE_IN_FRAMEWORK_HEADER = YES;
				CLANG_WARN_RANGE_LOOP_ANALYSIS = YES;
				CLANG_WARN_STRICT_PROTOTYPES = YES;
				CLANG_WARN_SUSPICIOUS_MOVE = YES;
				CLANG_WARN_UNGUARDED_AVAILABILITY = YES_AGGRESSIVE;
				CLANG_WARN_UNREACHABLE_CODE = YES;
				CLANG_WARN__DUPLICATE_METHOD_MATCH = YES;
				COPY_PHASE_STRIP = NO;
				DEBUG_INFORMATION_FORMAT = dwarf;
				DEVELOPMENT_TEAM = 29K7998WRR;
				ENABLE_STRICT_OBJC_MSGSEND = YES;
				ENABLE_TESTABILITY = YES;
				ENABLE_USER_SCRIPT_SANDBOXING = YES;
				GCC_C_LANGUAGE_STANDARD = gnu17;
				GCC_DYNAMIC_NO_PIC = NO;
				GCC_NO_COMMON_BLOCKS = YES;
				GCC_OPTIMIZATION_LEVEL = 0;
				GCC_PREPROCESSOR_DEFINITIONS = (
					"DEBUG=1",
					"$(inherited)",
				);
				GCC_WARN_64_TO_32_BIT_CONVERSION = YES;
				GCC_WARN_ABOUT_RETURN_TYPE = YES_ERROR;
				GCC_WARN_UNDECLARED_SELECTOR = YES;
				GCC_WARN_UNINITIALIZED_AUTOS = YES_AGGRESSIVE;
				GCC_WARN_UNUSED_FUNCTION = YES;
				GCC_WARN_UNUSED_VARIABLE = YES;
				IPHONEOS_DEPLOYMENT_TARGET = 18.5;
				LOCALIZATION_PREFERS_STRING_CATALOGS = YES;
				MTL_ENABLE_DEBUG_INFO = INCLUDE_SOURCE;
				MTL_FAST_MATH = YES;
				ONLY_ACTIVE_ARCH = YES;
				SDKROOT = iphoneos;
				SWIFT_ACTIVE_COMPILATION_CONDITIONS = "DEBUG $(inherited)";
				SWIFT_OPTIMIZATION_LEVEL = "-Onone";
			};
			name = Debug;
		};
		D6B838252E1C757100A34476 /* Release */ = {
			isa = XCBuildConfiguration;
			buildSettings = {
				ALWAYS_SEARCH_USER_PATHS = NO;
				ASSETCATALOG_COMPILER_GENERATE_SWIFT_ASSET_SYMBOL_EXTENSIONS = YES;
				CLANG_ANALYZER_NONNULL = YES;
				CLANG_ANALYZER_NUMBER_OBJECT_CONVERSION = YES_AGGRESSIVE;
				CLANG_CXX_LANGUAGE_STANDARD = "gnu++20";
				CLANG_ENABLE_MODULES = YES;
				CLANG_ENABLE_OBJC_ARC = YES;
				CLANG_ENABLE_OBJC_WEAK = YES;
				CLANG_WARN_BLOCK_CAPTURE_AUTORELEASING = YES;
				CLANG_WARN_BOOL_CONVERSION = YES;
				CLANG_WARN_COMMA = YES;
				CLANG_WARN_CONSTANT_CONVERSION = YES;
				CLANG_WARN_DEPRECATED_OBJC_IMPLEMENTATIONS = YES;
				CLANG_WARN_DIRECT_OBJC_ISA_USAGE = YES_ERROR;
				CLANG_WARN_DOCUMENTATION_COMMENTS = YES;
				CLANG_WARN_EMPTY_BODY = YES;
				CLANG_WARN_ENUM_CONVERSION = YES;
				CLANG_WARN_INFINITE_RECURSION = YES;
				CLANG_WARN_INT_CONVERSION = YES;
				CLANG_WARN_NON_LITERAL_NULL_CONVERSION = YES;
				CLANG_WARN_OBJC_IMPLICIT_RETAIN_SELF = YES;
				CLANG_WARN_OBJC_LITERAL_CONVERSION = YES;
				CLANG_WARN_OBJC_ROOT_CLASS = YES_ERROR;
				CLANG_WARN_QUOTED_INCLUDE_IN_FRAMEWORK_HEADER = YES;
				CLANG_WARN_RANGE_LOOP_ANALYSIS = YES;
				CLANG_WARN_STRICT_PROTOTYPES = YES;
				CLANG_WARN_SUSPICIOUS_MOVE = YES;
				CLANG_WARN_UNGUARDED_AVAILABILITY = YES_AGGRESSIVE;
				CLANG_WARN_UNREACHABLE_CODE = YES;
				CLANG_WARN__DUPLICATE_METHOD_MATCH = YES;
				COPY_PHASE_STRIP = NO;
				DEBUG_INFORMATION_FORMAT = "dwarf-with-dsym";
				DEVELOPMENT_TEAM = 29K7998WRR;
				ENABLE_NS_ASSERTIONS = NO;
				ENABLE_STRICT_OBJC_MSGSEND = YES;
				ENABLE_USER_SCRIPT_SANDBOXING = YES;
				GCC_C_LANGUAGE_STANDARD = gnu17;
				GCC_NO_COMMON_BLOCKS = YES;
				GCC_WARN_64_TO_32_BIT_CONVERSION = YES;
				GCC_WARN_ABOUT_RETURN_TYPE = YES_ERROR;
				GCC_WARN_UNDECLARED_SELECTOR = YES;
				GCC_WARN_UNINITIALIZED_AUTOS = YES_AGGRESSIVE;
				GCC_WARN_UNUSED_FUNCTION = YES;
				GCC_WARN_UNUSED_VARIABLE = YES;
				IPHONEOS_DEPLOYMENT_TARGET = 18.5;
				LOCALIZATION_PREFERS_STRING_CATALOGS = YES;
				MTL_ENABLE_DEBUG_INFO = NO;
				MTL_FAST_MATH = YES;
				SDKROOT = iphoneos;
				SWIFT_COMPILATION_MODE = wholemodule;
				VALIDATE_PRODUCT = YES;
			};
			name = Release;
		};
		D6B838272E1C757100A34476 /* Debug */ = {
			isa = XCBuildConfiguration;
			buildSettings = {
				ASSETCATALOG_COMPILER_APPICON_NAME = AppIcon;
				ASSETCATALOG_COMPILER_GLOBAL_ACCENT_COLOR_NAME = AccentColor;
				CODE_SIGN_STYLE = Automatic;
				CURRENT_PROJECT_VERSION = 4;
				DEVELOPMENT_TEAM = 29K7998WRR;
				ENABLE_PREVIEWS = YES;
				GENERATE_INFOPLIST_FILE = YES;
				INFOPLIST_KEY_CFBundleDisplayName = ThinkUp;
				INFOPLIST_KEY_LSApplicationCategoryType = "public.app-category.lifestyle";
				INFOPLIST_KEY_UIApplicationSceneManifest_Generation = YES;
				INFOPLIST_KEY_UIApplicationSupportsIndirectInputEvents = YES;
				INFOPLIST_KEY_UILaunchScreen_Generation = YES;
				INFOPLIST_KEY_UISupportedInterfaceOrientations = UIInterfaceOrientationPortrait;
				INFOPLIST_KEY_UISupportedInterfaceOrientations_iPad = "UIInterfaceOrientationLandscapeLeft UIInterfaceOrientationLandscapeRight UIInterfaceOrientationPortrait UIInterfaceOrientationPortraitUpsideDown";
				IPHONEOS_DEPLOYMENT_TARGET = 15.6;
				LD_RUNPATH_SEARCH_PATHS = (
					"$(inherited)",
					"@executable_path/Frameworks",
				);
				MARKETING_VERSION = 1.1.1;
				PRODUCT_BUNDLE_IDENTIFIER = "com.ashrafatshy.Daily-Affirmation";
				PRODUCT_NAME = "$(TARGET_NAME)";
				SWIFT_EMIT_LOC_STRINGS = YES;
				SWIFT_VERSION = 5.0;
				TARGETED_DEVICE_FAMILY = "1,2";
			};
			name = Debug;
		};
		D6B838282E1C757100A34476 /* Release */ = {
			isa = XCBuildConfiguration;
			buildSettings = {
				ASSETCATALOG_COMPILER_APPICON_NAME = AppIcon;
				ASSETCATALOG_COMPILER_GLOBAL_ACCENT_COLOR_NAME = AccentColor;
				CODE_SIGN_STYLE = Automatic;
				CURRENT_PROJECT_VERSION = 4;
				DEVELOPMENT_TEAM = 29K7998WRR;
				ENABLE_PREVIEWS = YES;
				GENERATE_INFOPLIST_FILE = YES;
				INFOPLIST_KEY_CFBundleDisplayName = ThinkUp;
				INFOPLIST_KEY_LSApplicationCategoryType = "public.app-category.lifestyle";
				INFOPLIST_KEY_UIApplicationSceneManifest_Generation = YES;
				INFOPLIST_KEY_UIApplicationSupportsIndirectInputEvents = YES;
				INFOPLIST_KEY_UILaunchScreen_Generation = YES;
				INFOPLIST_KEY_UISupportedInterfaceOrientations = UIInterfaceOrientationPortrait;
				INFOPLIST_KEY_UISupportedInterfaceOrientations_iPad = "UIInterfaceOrientationLandscapeLeft UIInterfaceOrientationLandscapeRight UIInterfaceOrientationPortrait UIInterfaceOrientationPortraitUpsideDown";
				IPHONEOS_DEPLOYMENT_TARGET = 15.6;
				LD_RUNPATH_SEARCH_PATHS = (
					"$(inherited)",
					"@executable_path/Frameworks",
				);
				MARKETING_VERSION = 1.1.1;
				PRODUCT_BUNDLE_IDENTIFIER = "com.ashrafatshy.Daily-Affirmation";
				PRODUCT_NAME = "$(TARGET_NAME)";
				SWIFT_EMIT_LOC_STRINGS = YES;
				SWIFT_VERSION = 5.0;
				TARGETED_DEVICE_FAMILY = "1,2";
			};
			name = Release;
		};
		D6E4AA082E1FEA51002A8098 /* Debug */ = {
			isa = XCBuildConfiguration;
			buildSettings = {
				CODE_SIGN_STYLE = Automatic;
				CURRENT_PROJECT_VERSION = 1;
				DEVELOPMENT_TEAM = 29K7998WRR;
				GENERATE_INFOPLIST_FILE = YES;
				MARKETING_VERSION = 1.0;
				PRODUCT_BUNDLE_IDENTIFIER = "com.ashrafatshy.Daily-AffirmationUITests";
				PRODUCT_NAME = "$(TARGET_NAME)";
				SUPPORTED_PLATFORMS = "iphoneos iphonesimulator";
				SUPPORTS_MACCATALYST = NO;
				SWIFT_EMIT_LOC_STRINGS = NO;
				SWIFT_VERSION = 5.0;
				TARGETED_DEVICE_FAMILY = "1,2";
				TEST_TARGET_NAME = "Daily Affirmation";
			};
			name = Debug;
		};
		D6E4AA092E1FEA51002A8098 /* Release */ = {
			isa = XCBuildConfiguration;
			buildSettings = {
				CODE_SIGN_STYLE = Automatic;
				CURRENT_PROJECT_VERSION = 1;
				DEVELOPMENT_TEAM = 29K7998WRR;
				GENERATE_INFOPLIST_FILE = YES;
				MARKETING_VERSION = 1.0;
				PRODUCT_BUNDLE_IDENTIFIER = "com.ashrafatshy.Daily-AffirmationUITests";
				PRODUCT_NAME = "$(TARGET_NAME)";
				SUPPORTED_PLATFORMS = "iphoneos iphonesimulator";
				SUPPORTS_MACCATALYST = NO;
				SWIFT_EMIT_LOC_STRINGS = NO;
				SWIFT_VERSION = 5.0;
				TARGETED_DEVICE_FAMILY = "1,2";
				TEST_TARGET_NAME = "Daily Affirmation";
			};
			name = Release;
		};
/* End XCBuildConfiguration section */

/* Begin XCConfigurationList section */
		D6AA2EBF2E206D2300E647B3 /* Build configuration list for PBXNativeTarget "Daily AffirmationTests" */ = {
			isa = XCConfigurationList;
			buildConfigurations = (
				D6AA2EC02E206D2300E647B3 /* Debug */,
				D6AA2EC12E206D2300E647B3 /* Release */,
			);
			defaultConfigurationIsVisible = 0;
			defaultConfigurationName = Release;
		};
		D6B838002E1C757100A34476 /* Build configuration list for PBXProject "Daily Affirmation" */ = {
			isa = XCConfigurationList;
			buildConfigurations = (
				D6B838242E1C757100A34476 /* Debug */,
				D6B838252E1C757100A34476 /* Release */,
			);
			defaultConfigurationIsVisible = 0;
			defaultConfigurationName = Release;
		};
		D6B838262E1C757100A34476 /* Build configuration list for PBXNativeTarget "Daily Affirmation" */ = {
			isa = XCConfigurationList;
			buildConfigurations = (
				D6B838272E1C757100A34476 /* Debug */,
				D6B838282E1C757100A34476 /* Release */,
			);
			defaultConfigurationIsVisible = 0;
			defaultConfigurationName = Release;
		};
		D6E4AA072E1FEA51002A8098 /* Build configuration list for PBXNativeTarget "Daily AffirmationUITests" */ = {
			isa = XCConfigurationList;
			buildConfigurations = (
				D6E4AA082E1FEA51002A8098 /* Debug */,
				D6E4AA092E1FEA51002A8098 /* Release */,
			);
			defaultConfigurationIsVisible = 0;
			defaultConfigurationName = Release;
		};
/* End XCConfigurationList section */
	};
	rootObject = D6B837FD2E1C757100A34476 /* Project object */;
}
